
Microsoft Visual Studio Solution File, Format Version 12.00
# Visual Studio Version 16
VisualStudioVersion = 16.0.31402.337
MinimumVisualStudioVersion = 10.0.40219.1
Project("{FAE04EC0-301F-11D3-BF4B-00C04F79EFBC}") = "TrophyPrints", "TrophyPrints\TrophyPrints.csproj", "{935B53D6-4DB2-418F-8B41-0B633B6F1091}"
EndProject
Global
	GlobalSection(SolutionConfigurationPlatforms) = preSolution
		Debug|Any CPU = Debug|Any CPU
		Release|Any CPU = Release|Any CPU
	EndGlobalSection
	GlobalSection(ProjectConfigurationPlatforms) = postSolution
		{935B53D6-4DB2-418F-8B41-0B633B6F1091}.Debug|Any CPU.ActiveCfg = Debug|Any CPU
		{935B53D6-4DB2-418F-8B41-0B633B6F1091}.Debug|Any CPU.Build.0 = Debug|Any CPU
		{935B53D6-4DB2-418F-8B41-0B633B6F1091}.Release|Any CPU.ActiveCfg = Release|Any CPU
		{935B53D6-4DB2-418F-8B41-0B633B6F1091}.Release|Any CPU.Build.0 = Release|Any CPU
	EndGlobalSection
	GlobalSection(SolutionProperties) = preSolution
		HideSolutionNode = FALSE
	EndGlobalSection
	GlobalSection(ExtensibilityGlobals) = postSolution
		SolutionGuid = {9FD65580-9C74-4C86-8AFF-1D4E6F014920}
	EndGlobalSection
EndGlobal
